// !$*UTF8*$!
{
	archiveVersion = 1;
	classes = {
	};
	objectVersion = 56;
	objects = {

/* Begin PBXBuildFile section */
		A3D42FA42AE44344000B56F2 /* wordhuntcheater0App.swift in Sources */ = {isa = PBXBuildFile; fileRef = A3D42FA32AE44344000B56F2 /* wordhuntcheater0App.swift */; };
		A3D42FA62AE44344000B56F2 /* ContentView.swift in Sources */ = {isa = PBXBuildFile; fileRef = A3D42FA52AE44344000B56F2 /* ContentView.swift */; };
		A3D42FA82AE44345000B56F2 /* Assets.xcassets in Resources */ = {isa = PBXBuildFile; fileRef = A3D42FA72AE44345000B56F2 /* Assets.xcassets */; };
		A3D42FAC2AE44345000B56F2 /* Preview Assets.xcassets in Resources */ = {isa = PBXBuildFile; fileRef = A3D42FAB2AE44345000B56F2 /* Preview Assets.xcassets */; };
		A3D42FB62AE44346000B56F2 /* wordhuntcheater0Tests.swift in Sources */ = {isa = PBXBuildFile; fileRef = A3D42FB52AE44346000B56F2 /* wordhuntcheater0Tests.swift */; };
		A3D42FC02AE44346000B56F2 /* wordhuntcheater0UITests.swift in Sources */ = {isa = PBXBuildFile; fileRef = A3D42FBF2AE44346000B56F2 /* wordhuntcheater0UITests.swift */; };
		A3D42FC22AE44346000B56F2 /* wordhuntcheater0UITestsLaunchTests.swift in Sources */ = {isa = PBXBuildFile; fileRef = A3D42FC12AE44346000B56F2 /* wordhuntcheater0UITestsLaunchTests.swift */; };
		A3D42FCF2AE44590000B56F2 /* GoogleService-Info.plist in Resources */ = {isa = PBXBuildFile; fileRef = A3D42FCE2AE44590000B56F2 /* GoogleService-Info.plist */; };
		A3D42FD22AE446E3000B56F2 /* FirebaseAnalytics in Frameworks */ = {isa = PBXBuildFile; productRef = A3D42FD12AE446E3000B56F2 /* FirebaseAnalytics */; };
		A3D42FD42AE446E3000B56F2 /* FirebaseAnalyticsWithoutAdIdSupport in Frameworks */ = {isa = PBXBuildFile; productRef = A3D42FD32AE446E3000B56F2 /* FirebaseAnalyticsWithoutAdIdSupport */; };
/* End PBXBuildFile section */

/* Begin PBXContainerItemProxy section */
		A3D42FB22AE44346000B56F2 /* PBXContainerItemProxy */ = {
			isa = PBXContainerItemProxy;
			containerPortal = A3D42F982AE44344000B56F2 /* Project object */;
			proxyType = 1;
			remoteGlobalIDString = A3D42F9F2AE44344000B56F2;
			remoteInfo = wordhuntcheater0;
		};
		A3D42FBC2AE44346000B56F2 /* PBXContainerItemProxy */ = {
			isa = PBXContainerItemProxy;
			containerPortal = A3D42F982AE44344000B56F2 /* Project object */;
			proxyType = 1;
			remoteGlobalIDString = A3D42F9F2AE44344000B56F2;
			remoteInfo = wordhuntcheater0;
		};
/* End PBXContainerItemProxy section */

/* Begin PBXFileReference section */
		A3D42FA02AE44344000B56F2 /* wordhuntcheater0.app */ = {isa = PBXFileReference; explicitFileType = wrapper.application; includeInIndex = 0; path = wordhuntcheater0.app; sourceTree = BUILT_PRODUCTS_DIR; };
		A3D42FA32AE44344000B56F2 /* wordhuntcheater0App.swift */ = {isa = PBXFileReference; lastKnownFileType = sourcecode.swift; path = wordhuntcheater0App.swift; sourceTree = "<group>"; };
		A3D42FA52AE44344000B56F2 /* ContentView.swift */ = {isa = PBXFileReference; lastKnownFileType = sourcecode.swift; path = ContentView.swift; sourceTree = "<group>"; };
		A3D42FA72AE44345000B56F2 /* Assets.xcassets */ = {isa = PBXFileReference; lastKnownFileType = folder.assetcatalog; path = Assets.xcassets; sourceTree = "<group>"; };
		A3D42FA92AE44345000B56F2 /* wordhuntcheater0.entitlements */ = {isa = PBXFileReference; lastKnownFileType = text.plist.entitlements; path = wordhuntcheater0.entitlements; sourceTree = "<group>"; };
		A3D42FAB2AE44345000B56F2 /* Preview Assets.xcassets */ = {isa = PBXFileReference; lastKnownFileType = folder.assetcatalog; path = "Preview Assets.xcassets"; sourceTree = "<group>"; };
		A3D42FB12AE44346000B56F2 /* wordhuntcheater0Tests.xctest */ = {isa = PBXFileReference; explicitFileType = wrapper.cfbundle; includeInIndex = 0; path = wordhuntcheater0Tests.xctest; sourceTree = BUILT_PRODUCTS_DIR; };
		A3D42FB52AE44346000B56F2 /* wordhuntcheater0Tests.swift */ = {isa = PBXFileReference; lastKnownFileType = sourcecode.swift; path = wordhuntcheater0Tests.swift; sourceTree = "<group>"; };
		A3D42FBB2AE44346000B56F2 /* wordhuntcheater0UITests.xctest */ = {isa = PBXFileReference; explicitFileType = wrapper.cfbundle; includeInIndex = 0; path = wordhuntcheater0UITests.xctest; sourceTree = BUILT_PRODUCTS_DIR; };
		A3D42FBF2AE44346000B56F2 /* wordhuntcheater0UITests.swift */ = {isa = PBXFileReference; lastKnownFileType = sourcecode.swift; path = wordhuntcheater0UITests.swift; sourceTree = "<group>"; };
		A3D42FC12AE44346000B56F2 /* wordhuntcheater0UITestsLaunchTests.swift */ = {isa = PBXFileReference; lastKnownFileType = sourcecode.swift; path = wordhuntcheater0UITestsLaunchTests.swift; sourceTree = "<group>"; };
		A3D42FCE2AE44590000B56F2 /* GoogleService-Info.plist */ = {isa = PBXFileReference; fileEncoding = 4; lastKnownFileType = text.plist.xml; name = "GoogleService-Info.plist"; path = "../../../Downloads/GoogleService-Info.plist"; sourceTree = "<group>"; };
		A3D42FD52AE44E32000B56F2 /* MyPlayground.playground */ = {isa = PBXFileReference; lastKnownFileType = file.playground; path = MyPlayground.playground; sourceTree = "<group>"; xcLanguageSpecificationIdentifier = xcode.lang.swift; };
/* End PBXFileReference section */

/* Begin PBXFrameworksBuildPhase section */
		A3D42F9D2AE44344000B56F2 /* Frameworks */ = {
			isa = PBXFrameworksBuildPhase;
			buildActionMask = 2147483647;
			files = (
				A3D42FD22AE446E3000B56F2 /* FirebaseAnalytics in Frameworks */,
				A3D42FD42AE446E3000B56F2 /* FirebaseAnalyticsWithoutAdIdSupport in Frameworks */,
			);
			runOnlyForDeploymentPostprocessing = 0;
		};
		A3D42FAE2AE44346000B56F2 /* Frameworks */ = {
			isa = PBXFrameworksBuildPhase;
			buildActionMask = 2147483647;
			files = (
			);
			runOnlyForDeploymentPostprocessing = 0;
		};
		A3D42FB82AE44346000B56F2 /* Frameworks */ = {
			isa = PBXFrameworksBuildPhase;
			buildActionMask = 2147483647;
			files = (
			);
			runOnlyForDeploymentPostprocessing = 0;
		};
/* End PBXFrameworksBuildPhase section */

/* Begin PBXGroup section */
		A3D42F972AE44344000B56F2 = {
			isa = PBXGroup;
			children = (
				A3D42FA22AE44344000B56F2 /* wordhuntcheater0 */,
				A3D42FB42AE44346000B56F2 /* wordhuntcheater0Tests */,
				A3D42FBE2AE44346000B56F2 /* wordhuntcheater0UITests */,
				A3D42FA12AE44344000B56F2 /* Products */,
			);
			sourceTree = "<group>";
		};
		A3D42FA12AE44344000B56F2 /* Products */ = {
			isa = PBXGroup;
			children = (
				A3D42FA02AE44344000B56F2 /* wordhuntcheater0.app */,
				A3D42FB12AE44346000B56F2 /* wordhuntcheater0Tests.xctest */,
				A3D42FBB2AE44346000B56F2 /* wordhuntcheater0UITests.xctest */,
			);
			name = Products;
			sourceTree = "<group>";
		};
		A3D42FA22AE44344000B56F2 /* wordhuntcheater0 */ = {
			isa = PBXGroup;
			children = (
				A3D42FCE2AE44590000B56F2 /* GoogleService-Info.plist */,
				A3D42FD52AE44E32000B56F2 /* MyPlayground.playground */,
				A3D42FA32AE44344000B56F2 /* wordhuntcheater0App.swift */,
				A3D42FA52AE44344000B56F2 /* ContentView.swift */,
				A3D42FA72AE44345000B56F2 /* Assets.xcassets */,
				A3D42FA92AE44345000B56F2 /* wordhuntcheater0.entitlements */,
				A3D42FAA2AE44345000B56F2 /* Preview Content */,
			);
			path = wordhuntcheater0;
			sourceTree = "<group>";
		};
		A3D42FAA2AE44345000B56F2 /* Preview Content */ = {
			isa = PBXGroup;
			children = (
				A3D42FAB2AE44345000B56F2 /* Preview Assets.xcassets */,
			);
			path = "Preview Content";
			sourceTree = "<group>";
		};
		A3D42FB42AE44346000B56F2 /* wordhuntcheater0Tests */ = {
			isa = PBXGroup;
			children = (
				A3D42FB52AE44346000B56F2 /* wordhuntcheater0Tests.swift */,
			);
			path = wordhuntcheater0Tests;
			sourceTree = "<group>";
		};
		A3D42FBE2AE44346000B56F2 /* wordhuntcheater0UITests */ = {
			isa = PBXGroup;
			children = (
				A3D42FBF2AE44346000B56F2 /* wordhuntcheater0UITests.swift */,
				A3D42FC12AE44346000B56F2 /* wordhuntcheater0UITestsLaunchTests.swift */,
			);
			path = wordhuntcheater0UITests;
			sourceTree = "<group>";
		};
/* End PBXGroup section */

/* Begin PBXNativeTarget section */
		A3D42F9F2AE44344000B56F2 /* wordhuntcheater0 */ = {
			isa = PBXNativeTarget;
			buildConfigurationList = A3D42FC52AE44346000B56F2 /* Build configuration list for PBXNativeTarget "wordhuntcheater0" */;
			buildPhases = (
				A3D42F9C2AE44344000B56F2 /* Sources */,
				A3D42F9D2AE44344000B56F2 /* Frameworks */,
				A3D42F9E2AE44344000B56F2 /* Resources */,
			);
			buildRules = (
			);
			dependencies = (
			);
			name = wordhuntcheater0;
			packageProductDependencies = (
				A3D42FD12AE446E3000B56F2 /* FirebaseAnalytics */,
				A3D42FD32AE446E3000B56F2 /* FirebaseAnalyticsWithoutAdIdSupport */,
			);
			productName = wordhuntcheater0;
			productReference = A3D42FA02AE44344000B56F2 /* wordhuntcheater0.app */;
			productType = "com.apple.product-type.application";
		};
		A3D42FB02AE44346000B56F2 /* wordhuntcheater0Tests */ = {
			isa = PBXNativeTarget;
			buildConfigurationList = A3D42FC82AE44346000B56F2 /* Build configuration list for PBXNativeTarget "wordhuntcheater0Tests" */;
			buildPhases = (
				A3D42FAD2AE44346000B56F2 /* Sources */,
				A3D42FAE2AE44346000B56F2 /* Frameworks */,
				A3D42FAF2AE44346000B56F2 /* Resources */,
			);
			buildRules = (
			);
			dependencies = (
				A3D42FB32AE44346000B56F2 /* PBXTargetDependency */,
			);
			name = wordhuntcheater0Tests;
			productName = wordhuntcheater0Tests;
			productReference = A3D42FB12AE44346000B56F2 /* wordhuntcheater0Tests.xctest */;
			productType = "com.apple.product-type.bundle.unit-test";
		};
		A3D42FBA2AE44346000B56F2 /* wordhuntcheater0UITests */ = {
			isa = PBXNativeTarget;
			buildConfigurationList = A3D42FCB2AE44346000B56F2 /* Build configuration list for PBXNativeTarget "wordhuntcheater0UITests" */;
			buildPhases = (
				A3D42FB72AE44346000B56F2 /* Sources */,
				A3D42FB82AE44346000B56F2 /* Frameworks */,
				A3D42FB92AE44346000B56F2 /* Resources */,
			);
			buildRules = (
			);
			dependencies = (
				A3D42FBD2AE44346000B56F2 /* PBXTargetDependency */,
			);
			name = wordhuntcheater0UITests;
			productName = wordhuntcheater0UITests;
			productReference = A3D42FBB2AE44346000B56F2 /* wordhuntcheater0UITests.xctest */;
			productType = "com.apple.product-type.bundle.ui-testing";
		};
/* End PBXNativeTarget section */

/* Begin PBXProject section */
		A3D42F982AE44344000B56F2 /* Project object */ = {
			isa = PBXProject;
			attributes = {
				BuildIndependentTargetsInParallel = 1;
				LastSwiftUpdateCheck = 1430;
				LastUpgradeCheck = 1430;
				TargetAttributes = {
					A3D42F9F2AE44344000B56F2 = {
						CreatedOnToolsVersion = 14.3.1;
					};
					A3D42FB02AE44346000B56F2 = {
						CreatedOnToolsVersion = 14.3.1;
						TestTargetID = A3D42F9F2AE44344000B56F2;
					};
					A3D42FBA2AE44346000B56F2 = {
						CreatedOnToolsVersion = 14.3.1;
						TestTargetID = A3D42F9F2AE44344000B56F2;
					};
				};
			};
			buildConfigurationList = A3D42F9B2AE44344000B56F2 /* Build configuration list for PBXProject "wordhuntcheater0" */;
			compatibilityVersion = "Xcode 14.0";
			developmentRegion = en;
			hasScannedForEncodings = 0;
			knownRegions = (
				en,
				Base,
			);
			mainGroup = A3D42F972AE44344000B56F2;
			packageReferences = (
				A3D42FD02AE446E2000B56F2 /* XCRemoteSwiftPackageReference "firebase-ios-sdk" */,
			);
			productRefGroup = A3D42FA12AE44344000B56F2 /* Products */;
			projectDirPath = "";
			projectRoot = "";
			targets = (
				A3D42F9F2AE44344000B56F2 /* wordhuntcheater0 */,
				A3D42FB02AE44346000B56F2 /* wordhuntcheater0Tests */,
				A3D42FBA2AE44346000B56F2 /* wordhuntcheater0UITests */,
			);
		};
/* End PBXProject section */

/* Begin PBXResourcesBuildPhase section */
		A3D42F9E2AE44344000B56F2 /* Resources */ = {
			isa = PBXResourcesBuildPhase;
			buildActionMask = 2147483647;
			files = (
				A3D42FAC2AE44345000B56F2 /* Preview Assets.xcassets in Resources */,
				A3D42FA82AE44345000B56F2 /* Assets.xcassets in Resources */,
				A3D42FCF2AE44590000B56F2 /* GoogleService-Info.plist in Resources */,
			);
			runOnlyForDeploymentPostprocessing = 0;
		};
		A3D42FAF2AE44346000B56F2 /* Resources */ = {
			isa = PBXResourcesBuildPhase;
			buildActionMask = 2147483647;
			files = (
			);
			runOnlyForDeploymentPostprocessing = 0;
		};
		A3D42FB92AE44346000B56F2 /* Resources */ = {
			isa = PBXResourcesBuildPhase;
			buildActionMask = 2147483647;
			files = (
			);
			runOnlyForDeploymentPostprocessing = 0;
		};
/* End PBXResourcesBuildPhase section */

/* Begin PBXSourcesBuildPhase section */
		A3D42F9C2AE44344000B56F2 /* Sources */ = {
			isa = PBXSourcesBuildPhase;
			buildActionMask = 2147483647;
			files = (
				A3D42FA62AE44344000B56F2 /* ContentView.swift in Sources */,
				A3D42FA42AE44344000B56F2 /* wordhuntcheater0App.swift in Sources */,
			);
			runOnlyForDeploymentPostprocessing = 0;
		};
		A3D42FAD2AE44346000B56F2 /* Sources */ = {
			isa = PBXSourcesBuildPhase;
			buildActionMask = 2147483647;
			files = (
				A3D42FB62AE44346000B56F2 /* wordhuntcheater0Tests.swift in Sources */,
			);
			runOnlyForDeploymentPostprocessing = 0;
		};
		A3D42FB72AE44346000B56F2 /* Sources */ = {
			isa = PBXSourcesBuildPhase;
			buildActionMask = 2147483647;
			files = (
				A3D42FC02AE44346000B56F2 /* wordhuntcheater0UITests.swift in Sources */,
				A3D42FC22AE44346000B56F2 /* wordhuntcheater0UITestsLaunchTests.swift in Sources */,
			);
			runOnlyForDeploymentPostprocessing = 0;
		};
/* End PBXSourcesBuildPhase section */

/* Begin PBXTargetDependency section */
		A3D42FB32AE44346000B56F2 /* PBXTargetDependency */ = {
			isa = PBXTargetDependency;
			target = A3D42F9F2AE44344000B56F2 /* wordhuntcheater0 */;
			targetProxy = A3D42FB22AE44346000B56F2 /* PBXContainerItemProxy */;
		};
		A3D42FBD2AE44346000B56F2 /* PBXTargetDependency */ = {
			isa = PBXTargetDependency;
			target = A3D42F9F2AE44344000B56F2 /* wordhuntcheater0 */;
			targetProxy = A3D42FBC2AE44346000B56F2 /* PBXContainerItemProxy */;
		};
/* End PBXTargetDependency section */

/* Begin XCBuildConfiguration section */
		A3D42FC32AE44346000B56F2 /* Debug */ = {
			isa = XCBuildConfiguration;
			buildSettings = {
				ALWAYS_SEARCH_USER_PATHS = NO;
				CLANG_ANALYZER_NONNULL = YES;
				CLANG_ANALYZER_NUMBER_OBJECT_CONVERSION = YES_AGGRESSIVE;
				CLANG_CXX_LANGUAGE_STANDARD = "gnu++20";
				CLANG_ENABLE_MODULES = YES;
				CLANG_ENABLE_OBJC_ARC = YES;
				CLANG_ENABLE_OBJC_WEAK = YES;
				CLANG_WARN_BLOCK_CAPTURE_AUTORELEASING = YES;
				CLANG_WARN_BOOL_CONVERSION = YES;
				CLANG_WARN_COMMA = YES;
				CLANG_WARN_CONSTANT_CONVERSION = YES;
				CLANG_WARN_DEPRECATED_OBJC_IMPLEMENTATIONS = YES;
				CLANG_WARN_DIRECT_OBJC_ISA_USAGE = YES_ERROR;
				CLANG_WARN_DOCUMENTATION_COMMENTS = YES;
				CLANG_WARN_EMPTY_BODY = YES;
				CLANG_WARN_ENUM_CONVERSION = YES;
				CLANG_WARN_INFINITE_RECURSION = YES;
				CLANG_WARN_INT_CONVERSION = YES;
				CLANG_WARN_NON_LITERAL_NULL_CONVERSION = YES;
				CLANG_WARN_OBJC_IMPLICIT_RETAIN_SELF = YES;
				CLANG_WARN_OBJC_LITERAL_CONVERSION = YES;
				CLANG_WARN_OBJC_ROOT_CLASS = YES_ERROR;
				CLANG_WARN_QUOTED_INCLUDE_IN_FRAMEWORK_HEADER = YES;
				CLANG_WARN_RANGE_LOOP_ANALYSIS = YES;
				CLANG_WARN_STRICT_PROTOTYPES = YES;
				CLANG_WARN_SUSPICIOUS_MOVE = YES;
				CLANG_WARN_UNGUARDED_AVAILABILITY = YES_AGGRESSIVE;
				CLANG_WARN_UNREACHABLE_CODE = YES;
				CLANG_WARN__DUPLICATE_METHOD_MATCH = YES;
				COPY_PHASE_STRIP = NO;
				DEBUG_INFORMATION_FORMAT = dwarf;
				ENABLE_STRICT_OBJC_MSGSEND = YES;
				ENABLE_TESTABILITY = YES;
				GCC_C_LANGUAGE_STANDARD = gnu11;
				GCC_DYNAMIC_NO_PIC = NO;
				GCC_NO_COMMON_BLOCKS = YES;
				GCC_OPTIMIZATION_LEVEL = 0;
				GCC_PREPROCESSOR_DEFINITIONS = (
					"DEBUG=1",
					"$(inherited)",
				);
				GCC_WARN_64_TO_32_BIT_CONVERSION = YES;
				GCC_WARN_ABOUT_RETURN_TYPE = YES_ERROR;
				GCC_WARN_UNDECLARED_SELECTOR = YES;
				GCC_WARN_UNINITIALIZED_AUTOS = YES_AGGRESSIVE;
				GCC_WARN_UNUSED_FUNCTION = YES;
				GCC_WARN_UNUSED_VARIABLE = YES;
				MTL_ENABLE_DEBUG_INFO = INCLUDE_SOURCE;
				MTL_FAST_MATH = YES;
				ONLY_ACTIVE_ARCH = YES;
				SWIFT_ACTIVE_COMPILATION_CONDITIONS = DEBUG;
				SWIFT_OPTIMIZATION_LEVEL = "-Onone";
			};
			name = Debug;
		};
		A3D42FC42AE44346000B56F2 /* Release */ = {
			isa = XCBuildConfiguration;
			buildSettings = {
				ALWAYS_SEARCH_USER_PATHS = NO;
				CLANG_ANALYZER_NONNULL = YES;
				CLANG_ANALYZER_NUMBER_OBJECT_CONVERSION = YES_AGGRESSIVE;
				CLANG_CXX_LANGUAGE_STANDARD = "gnu++20";
				CLANG_ENABLE_MODULES = YES;
				CLANG_ENABLE_OBJC_ARC = YES;
				CLANG_ENABLE_OBJC_WEAK = YES;
				CLANG_WARN_BLOCK_CAPTURE_AUTORELEASING = YES;
				CLANG_WARN_BOOL_CONVERSION = YES;
				CLANG_WARN_COMMA = YES;
				CLANG_WARN_CONSTANT_CONVERSION = YES;
				CLANG_WARN_DEPRECATED_OBJC_IMPLEMENTATIONS = YES;
				CLANG_WARN_DIRECT_OBJC_ISA_USAGE = YES_ERROR;
				CLANG_WARN_DOCUMENTATION_COMMENTS = YES;
				CLANG_WARN_EMPTY_BODY = YES;
				CLANG_WARN_ENUM_CONVERSION = YES;
				CLANG_WARN_INFINITE_RECURSION = YES;
				CLANG_WARN_INT_CONVERSION = YES;
				CLANG_WARN_NON_LITERAL_NULL_CONVERSION = YES;
				CLANG_WARN_OBJC_IMPLICIT_RETAIN_SELF = YES;
				CLANG_WARN_OBJC_LITERAL_CONVERSION = YES;
				CLANG_WARN_OBJC_ROOT_CLASS = YES_ERROR;
				CLANG_WARN_QUOTED_INCLUDE_IN_FRAMEWORK_HEADER = YES;
				CLANG_WARN_RANGE_LOOP_ANALYSIS = YES;
				CLANG_WARN_STRICT_PROTOTYPES = YES;
				CLANG_WARN_SUSPICIOUS_MOVE = YES;
				CLANG_WARN_UNGUARDED_AVAILABILITY = YES_AGGRESSIVE;
				CLANG_WARN_UNREACHABLE_CODE = YES;
				CLANG_WARN__DUPLICATE_METHOD_MATCH = YES;
				COPY_PHASE_STRIP = NO;
				DEBUG_INFORMATION_FORMAT = "dwarf-with-dsym";
				ENABLE_NS_ASSERTIONS = NO;
				ENABLE_STRICT_OBJC_MSGSEND = YES;
				GCC_C_LANGUAGE_STANDARD = gnu11;
				GCC_NO_COMMON_BLOCKS = YES;
				GCC_WARN_64_TO_32_BIT_CONVERSION = YES;
				GCC_WARN_ABOUT_RETURN_TYPE = YES_ERROR;
				GCC_WARN_UNDECLARED_SELECTOR = YES;
				GCC_WARN_UNINITIALIZED_AUTOS = YES_AGGRESSIVE;
				GCC_WARN_UNUSED_FUNCTION = YES;
				GCC_WARN_UNUSED_VARIABLE = YES;
				MTL_ENABLE_DEBUG_INFO = NO;
				MTL_FAST_MATH = YES;
				SWIFT_COMPILATION_MODE = wholemodule;
				SWIFT_OPTIMIZATION_LEVEL = "-O";
			};
			name = Release;
		};
		A3D42FC62AE44346000B56F2 /* Debug */ = {
			isa = XCBuildConfiguration;
			buildSettings = {
				ASSETCATALOG_COMPILER_APPICON_NAME = AppIcon;
				ASSETCATALOG_COMPILER_GLOBAL_ACCENT_COLOR_NAME = AccentColor;
				CODE_SIGN_ENTITLEMENTS = wordhuntcheater0/wordhuntcheater0.entitlements;
				CODE_SIGN_STYLE = Automatic;
				CURRENT_PROJECT_VERSION = 1;
				DEVELOPMENT_ASSET_PATHS = "\"wordhuntcheater0/Preview Content\"";
				ENABLE_PREVIEWS = YES;
				GENERATE_INFOPLIST_FILE = YES;
				"INFOPLIST_KEY_UIApplicationSceneManifest_Generation[sdk=iphoneos*]" = YES;
				"INFOPLIST_KEY_UIApplicationSceneManifest_Generation[sdk=iphonesimulator*]" = YES;
				"INFOPLIST_KEY_UIApplicationSupportsIndirectInputEvents[sdk=iphoneos*]" = YES;
				"INFOPLIST_KEY_UIApplicationSupportsIndirectInputEvents[sdk=iphonesimulator*]" = YES;
				"INFOPLIST_KEY_UILaunchScreen_Generation[sdk=iphoneos*]" = YES;
				"INFOPLIST_KEY_UILaunchScreen_Generation[sdk=iphonesimulator*]" = YES;
				"INFOPLIST_KEY_UIStatusBarStyle[sdk=iphoneos*]" = UIStatusBarStyleDefault;
				"INFOPLIST_KEY_UIStatusBarStyle[sdk=iphonesimulator*]" = UIStatusBarStyleDefault;
				INFOPLIST_KEY_UISupportedInterfaceOrientations_iPad = "UIInterfaceOrientationPortrait UIInterfaceOrientationPortraitUpsideDown UIInterfaceOrientationLandscapeLeft UIInterfaceOrientationLandscapeRight";
				INFOPLIST_KEY_UISupportedInterfaceOrientations_iPhone = "UIInterfaceOrientationPortrait UIInterfaceOrientationLandscapeLeft UIInterfaceOrientationLandscapeRight";
				IPHONEOS_DEPLOYMENT_TARGET = 16.4;
				LD_RUNPATH_SEARCH_PATHS = "@executable_path/Frameworks";
				"LD_RUNPATH_SEARCH_PATHS[sdk=macosx*]" = "@executable_path/../Frameworks";
				MACOSX_DEPLOYMENT_TARGET = 13.3;
				MARKETING_VERSION = 1.0;
				PRODUCT_BUNDLE_IDENTIFIER = hacktx23.wordhuntcheater0;
				PRODUCT_NAME = "$(TARGET_NAME)";
				SDKROOT = auto;
				SUPPORTED_PLATFORMS = "iphoneos iphonesimulator macosx";
				SWIFT_EMIT_LOC_STRINGS = YES;
				SWIFT_VERSION = 5.0;
				TARGETED_DEVICE_FAMILY = "1,2";
			};
			name = Debug;
		};
		A3D42FC72AE44346000B56F2 /* Release */ = {
			isa = XCBuildConfiguration;
			buildSettings = {
				ASSETCATALOG_COMPILER_APPICON_NAME = AppIcon;
				ASSETCATALOG_COMPILER_GLOBAL_ACCENT_COLOR_NAME = AccentColor;
				CODE_SIGN_ENTITLEMENTS = wordhuntcheater0/wordhuntcheater0.entitlements;
				CODE_SIGN_STYLE = Automatic;
				CURRENT_PROJECT_VERSION = 1;
				DEVELOPMENT_ASSET_PATHS = "\"wordhuntcheater0/Preview Content\"";
				ENABLE_PREVIEWS = YES;
				GENERATE_INFOPLIST_FILE = YES;
				"INFOPLIST_KEY_UIApplicationSceneManifest_Generation[sdk=iphoneos*]" = YES;
				"INFOPLIST_KEY_UIApplicationSceneManifest_Generation[sdk=iphonesimulator*]" = YES;
				"INFOPLIST_KEY_UIApplicationSupportsIndirectInputEvents[sdk=iphoneos*]" = YES;
				"INFOPLIST_KEY_UIApplicationSupportsIndirectInputEvents[sdk=iphonesimulator*]" = YES;
				"INFOPLIST_KEY_UILaunchScreen_Generation[sdk=iphoneos*]" = YES;
				"INFOPLIST_KEY_UILaunchScreen_Generation[sdk=iphonesimulator*]" = YES;
				"INFOPLIST_KEY_UIStatusBarStyle[sdk=iphoneos*]" = UIStatusBarStyleDefault;
				"INFOPLIST_KEY_UIStatusBarStyle[sdk=iphonesimulator*]" = UIStatusBarStyleDefault;
				INFOPLIST_KEY_UISupportedInterfaceOrientations_iPad = "UIInterfaceOrientationPortrait UIInterfaceOrientationPortraitUpsideDown UIInterfaceOrientationLandscapeLeft UIInterfaceOrientationLandscapeRight";
				INFOPLIST_KEY_UISupportedInterfaceOrientations_iPhone = "UIInterfaceOrientationPortrait UIInterfaceOrientationLandscapeLeft UIInterfaceOrientationLandscapeRight";
				IPHONEOS_DEPLOYMENT_TARGET = 16.4;
				LD_RUNPATH_SEARCH_PATHS = "@executable_path/Frameworks";
				"LD_RUNPATH_SEARCH_PATHS[sdk=macosx*]" = "@executable_path/../Frameworks";
				MACOSX_DEPLOYMENT_TARGET = 13.3;
				MARKETING_VERSION = 1.0;
				PRODUCT_BUNDLE_IDENTIFIER = hacktx23.wordhuntcheater0;
				PRODUCT_NAME = "$(TARGET_NAME)";
				SDKROOT = auto;
				SUPPORTED_PLATFORMS = "iphoneos iphonesimulator macosx";
				SWIFT_EMIT_LOC_STRINGS = YES;
				SWIFT_VERSION = 5.0;
				TARGETED_DEVICE_FAMILY = "1,2";
			};
			name = Release;
		};
		A3D42FC92AE44346000B56F2 /* Debug */ = {
			isa = XCBuildConfiguration;
			buildSettings = {
				ALWAYS_EMBED_SWIFT_STANDARD_LIBRARIES = YES;
				BUNDLE_LOADER = "$(TEST_HOST)";
				CODE_SIGN_STYLE = Automatic;
				CURRENT_PROJECT_VERSION = 1;
				GENERATE_INFOPLIST_FILE = YES;
				IPHONEOS_DEPLOYMENT_TARGET = 16.4;
				MACOSX_DEPLOYMENT_TARGET = 13.3;
				MARKETING_VERSION = 1.0;
				PRODUCT_BUNDLE_IDENTIFIER = hacktx23.wordhuntcheater0Tests;
				PRODUCT_NAME = "$(TARGET_NAME)";
				SDKROOT = auto;
				SUPPORTED_PLATFORMS = "iphoneos iphonesimulator macosx";
				SWIFT_EMIT_LOC_STRINGS = NO;
				SWIFT_VERSION = 5.0;
				TARGETED_DEVICE_FAMILY = "1,2";
				TEST_HOST = "$(BUILT_PRODUCTS_DIR)/wordhuntcheater0.app/$(BUNDLE_EXECUTABLE_FOLDER_PATH)/wordhuntcheater0";
			};
			name = Debug;
		};
		A3D42FCA2AE44346000B56F2 /* Release */ = {
			isa = XCBuildConfiguration;
			buildSettings = {
				ALWAYS_EMBED_SWIFT_STANDARD_LIBRARIES = YES;
				BUNDLE_LOADER = "$(TEST_HOST)";
				CODE_SIGN_STYLE = Automatic;
				CURRENT_PROJECT_VERSION = 1;
				GENERATE_INFOPLIST_FILE = YES;
				IPHONEOS_DEPLOYMENT_TARGET = 16.4;
				MACOSX_DEPLOYMENT_TARGET = 13.3;
				MARKETING_VERSION = 1.0;
				PRODUCT_BUNDLE_IDENTIFIER = hacktx23.wordhuntcheater0Tests;
				PRODUCT_NAME = "$(TARGET_NAME)";
				SDKROOT = auto;
				SUPPORTED_PLATFORMS = "iphoneos iphonesimulator macosx";
				SWIFT_EMIT_LOC_STRINGS = NO;
				SWIFT_VERSION = 5.0;
				TARGETED_DEVICE_FAMILY = "1,2";
				TEST_HOST = "$(BUILT_PRODUCTS_DIR)/wordhuntcheater0.app/$(BUNDLE_EXECUTABLE_FOLDER_PATH)/wordhuntcheater0";
			};
			name = Release;
		};
		A3D42FCC2AE44346000B56F2 /* Debug */ = {
			isa = XCBuildConfiguration;
			buildSettings = {
				ALWAYS_EMBED_SWIFT_STANDARD_LIBRARIES = YES;
				CODE_SIGN_STYLE = Automatic;
				CURRENT_PROJECT_VERSION = 1;
				GENERATE_INFOPLIST_FILE = YES;
				IPHONEOS_DEPLOYMENT_TARGET = 16.4;
				MACOSX_DEPLOYMENT_TARGET = 13.3;
				MARKETING_VERSION = 1.0;
				PRODUCT_BUNDLE_IDENTIFIER = hacktx23.wordhuntcheater0UITests;
				PRODUCT_NAME = "$(TARGET_NAME)";
				SDKROOT = auto;
				SUPPORTED_PLATFORMS = "iphoneos iphonesimulator macosx";
				SWIFT_EMIT_LOC_STRINGS = NO;
				SWIFT_VERSION = 5.0;
				TARGETED_DEVICE_FAMILY = "1,2";
				TEST_TARGET_NAME = wordhuntcheater0;
			};
			name = Debug;
		};
		A3D42FCD2AE44346000B56F2 /* Release */ = {
			isa = XCBuildConfiguration;
			buildSettings = {
				ALWAYS_EMBED_SWIFT_STANDARD_LIBRARIES = YES;
				CODE_SIGN_STYLE = Automatic;
				CURRENT_PROJECT_VERSION = 1;
				GENERATE_INFOPLIST_FILE = YES;
				IPHONEOS_DEPLOYMENT_TARGET = 16.4;
				MACOSX_DEPLOYMENT_TARGET = 13.3;
				MARKETING_VERSION = 1.0;
				PRODUCT_BUNDLE_IDENTIFIER = hacktx23.wordhuntcheater0UITests;
				PRODUCT_NAME = "$(TARGET_NAME)";
				SDKROOT = auto;
				SUPPORTED_PLATFORMS = "iphoneos iphonesimulator macosx";
				SWIFT_EMIT_LOC_STRINGS = NO;
				SWIFT_VERSION = 5.0;
				TARGETED_DEVICE_FAMILY = "1,2";
				TEST_TARGET_NAME = wordhuntcheater0;
			};
			name = Release;
		};
/* End XCBuildConfiguration section */

/* Begin XCConfigurationList section */
		A3D42F9B2AE44344000B56F2 /* Build configuration list for PBXProject "wordhuntcheater0" */ = {
			isa = XCConfigurationList;
			buildConfigurations = (
				A3D42FC32AE44346000B56F2 /* Debug */,
				A3D42FC42AE44346000B56F2 /* Release */,
			);
			defaultConfigurationIsVisible = 0;
			defaultConfigurationName = Release;
		};
		A3D42FC52AE44346000B56F2 /* Build configuration list for PBXNativeTarget "wordhuntcheater0" */ = {
			isa = XCConfigurationList;
			buildConfigurations = (
				A3D42FC62AE44346000B56F2 /* Debug */,
				A3D42FC72AE44346000B56F2 /* Release */,
			);
			defaultConfigurationIsVisible = 0;
			defaultConfigurationName = Release;
		};
		A3D42FC82AE44346000B56F2 /* Build configuration list for PBXNativeTarget "wordhuntcheater0Tests" */ = {
			isa = XCConfigurationList;
			buildConfigurations = (
				A3D42FC92AE44346000B56F2 /* Debug */,
				A3D42FCA2AE44346000B56F2 /* Release */,
			);
			defaultConfigurationIsVisible = 0;
			defaultConfigurationName = Release;
		};
		A3D42FCB2AE44346000B56F2 /* Build configuration list for PBXNativeTarget "wordhuntcheater0UITests" */ = {
			isa = XCConfigurationList;
			buildConfigurations = (
				A3D42FCC2AE44346000B56F2 /* Debug */,
				A3D42FCD2AE44346000B56F2 /* Release */,
			);
			defaultConfigurationIsVisible = 0;
			defaultConfigurationName = Release;
		};
/* End XCConfigurationList section */

/* Begin XCRemoteSwiftPackageReference section */
		A3D42FD02AE446E2000B56F2 /* XCRemoteSwiftPackageReference "firebase-ios-sdk" */ = {
			isa = XCRemoteSwiftPackageReference;
			repositoryURL = "https://github.com/firebase/firebase-ios-sdk";
			requirement = {
				kind = upToNextMajorVersion;
				minimumVersion = 10.0.0;
			};
		};
/* End XCRemoteSwiftPackageReference section */

/* Begin XCSwiftPackageProductDependency section */
		A3D42FD12AE446E3000B56F2 /* FirebaseAnalytics */ = {
			isa = XCSwiftPackageProductDependency;
			package = A3D42FD02AE446E2000B56F2 /* XCRemoteSwiftPackageReference "firebase-ios-sdk" */;
			productName = FirebaseAnalytics;
		};
		A3D42FD32AE446E3000B56F2 /* FirebaseAnalyticsWithoutAdIdSupport */ = {
			isa = XCSwiftPackageProductDependency;
			package = A3D42FD02AE446E2000B56F2 /* XCRemoteSwiftPackageReference "firebase-ios-sdk" */;
			productName = FirebaseAnalyticsWithoutAdIdSupport;
		};
/* End XCSwiftPackageProductDependency section */
	};
	rootObject = A3D42F982AE44344000B56F2 /* Project object */;
}
